
Microsoft Visual Studio Solution File, Format Version 12.00
# Visual Studio Version 17
VisualStudioVersion = 17.8.34525.116
MinimumVisualStudioVersion = 10.0.40219.1
Project("{FAE04EC0-301F-11D3-BF4B-00C04F79EFBC}") = "SecureAPI_JWT", "SecureAPI_JWT\SecureAPI_JWT.csproj", "{71A6B5EF-C416-479B-892D-F6B7E171BDD9}"
EndProject
Global
	GlobalSection(SolutionConfigurationPlatforms) = preSolution
		Debug|Any CPU = Debug|Any CPU
		Release|Any CPU = Release|Any CPU
	EndGlobalSection
	GlobalSection(ProjectConfigurationPlatforms) = postSolution
		{71A6B5EF-C416-479B-892D-F6B7E171BDD9}.Debug|Any CPU.ActiveCfg = Debug|Any CPU
		{71A6B5EF-C416-479B-892D-F6B7E171BDD9}.Debug|Any CPU.Build.0 = Debug|Any CPU
		{71A6B5EF-C416-479B-892D-F6B7E171BDD9}.Release|Any CPU.ActiveCfg = Release|Any CPU
		{71A6B5EF-C416-479B-892D-F6B7E171BDD9}.Release|Any CPU.Build.0 = Release|Any CPU
	EndGlobalSection
	GlobalSection(SolutionProperties) = preSolution
		HideSolutionNode = FALSE
	EndGlobalSection
	GlobalSection(ExtensibilityGlobals) = postSolution
		SolutionGuid = {EADE80FC-7D3E-426C-AA1A-616701DE243E}
	EndGlobalSection
EndGlobal
